// !$*UTF8*$!
{
	archiveVersion = 1;
	classes = {
	};
	objectVersion = 50;
	objects = {

/* Begin PBXBuildFile section */
		1E7A172924AAAFC300519D64 /* AppDelegate.swift in Sources */ = {isa = PBXBuildFile; fileRef = 1E7A172824AAAFC300519D64 /* AppDelegate.swift */; };
		1E7A172B24AAAFC300519D64 /* SceneDelegate.swift in Sources */ = {isa = PBXBuildFile; fileRef = 1E7A172A24AAAFC300519D64 /* SceneDelegate.swift */; };
		1E7A172D24AAAFC300519D64 /* ContentView.swift in Sources */ = {isa = PBXBuildFile; fileRef = 1E7A172C24AAAFC300519D64 /* ContentView.swift */; };
		1E7A172F24AAAFC500519D64 /* Assets.xcassets in Resources */ = {isa = PBXBuildFile; fileRef = 1E7A172E24AAAFC500519D64 /* Assets.xcassets */; };
		1E7A173224AAAFC500519D64 /* Preview Assets.xcassets in Resources */ = {isa = PBXBuildFile; fileRef = 1E7A173124AAAFC500519D64 /* Preview Assets.xcassets */; };
		1E7A173524AAAFC500519D64 /* LaunchScreen.storyboard in Resources */ = {isa = PBXBuildFile; fileRef = 1E7A173324AAAFC500519D64 /* LaunchScreen.storyboard */; };
		1E7A174024AAAFC500519D64 /* LDS_Temple_Visualization_IOSTests.swift in Sources */ = {isa = PBXBuildFile; fileRef = 1E7A173F24AAAFC500519D64 /* LDS_Temple_Visualization_IOSTests.swift */; };
		1E7A174B24AAAFC500519D64 /* LDS_Temple_Visualization_IOSUITests.swift in Sources */ = {isa = PBXBuildFile; fileRef = 1E7A174A24AAAFC500519D64 /* LDS_Temple_Visualization_IOSUITests.swift */; };
		1EBF98DC24AAC678005CC70D /* Sprial.swift in Sources */ = {isa = PBXBuildFile; fileRef = 1EBF98DB24AAC678005CC70D /* Sprial.swift */; };
		1EBF98DE24AAC883005CC70D /* ImageSpiral.swift in Sources */ = {isa = PBXBuildFile; fileRef = 1EBF98DD24AAC883005CC70D /* ImageSpiral.swift */; };
		1EFE4A6124AD747700FAD239 /* templeNames in Resources */ = {isa = PBXBuildFile; fileRef = 1EFE4A6024AD747700FAD239 /* templeNames */; };
/* End PBXBuildFile section */

/* Begin PBXContainerItemProxy section */
		1E7A173C24AAAFC500519D64 /* PBXContainerItemProxy */ = {
			isa = PBXContainerItemProxy;
			containerPortal = 1E7A171D24AAAFC300519D64 /* Project object */;
			proxyType = 1;
			remoteGlobalIDString = 1E7A172424AAAFC300519D64;
			remoteInfo = "LDS-Temple-Visualization-IOS";
		};
		1E7A174724AAAFC500519D64 /* PBXContainerItemProxy */ = {
			isa = PBXContainerItemProxy;
			containerPortal = 1E7A171D24AAAFC300519D64 /* Project object */;
			proxyType = 1;
			remoteGlobalIDString = 1E7A172424AAAFC300519D64;
			remoteInfo = "LDS-Temple-Visualization-IOS";
		};
/* End PBXContainerItemProxy section */

/* Begin PBXFileReference section */
		1E7A172524AAAFC300519D64 /* LDS-Temple-Visualization-IOS.app */ = {isa = PBXFileReference; explicitFileType = wrapper.application; includeInIndex = 0; path = "LDS-Temple-Visualization-IOS.app"; sourceTree = BUILT_PRODUCTS_DIR; };
		1E7A172824AAAFC300519D64 /* AppDelegate.swift */ = {isa = PBXFileReference; lastKnownFileType = sourcecode.swift; path = AppDelegate.swift; sourceTree = "<group>"; };
		1E7A172A24AAAFC300519D64 /* SceneDelegate.swift */ = {isa = PBXFileReference; lastKnownFileType = sourcecode.swift; path = SceneDelegate.swift; sourceTree = "<group>"; };
		1E7A172C24AAAFC300519D64 /* ContentView.swift */ = {isa = PBXFileReference; lastKnownFileType = sourcecode.swift; path = ContentView.swift; sourceTree = "<group>"; };
		1E7A172E24AAAFC500519D64 /* Assets.xcassets */ = {isa = PBXFileReference; lastKnownFileType = folder.assetcatalog; path = Assets.xcassets; sourceTree = "<group>"; };
		1E7A173124AAAFC500519D64 /* Preview Assets.xcassets */ = {isa = PBXFileReference; lastKnownFileType = folder.assetcatalog; path = "Preview Assets.xcassets"; sourceTree = "<group>"; };
		1E7A173424AAAFC500519D64 /* Base */ = {isa = PBXFileReference; lastKnownFileType = file.storyboard; name = Base; path = Base.lproj/LaunchScreen.storyboard; sourceTree = "<group>"; };
		1E7A173624AAAFC500519D64 /* Info.plist */ = {isa = PBXFileReference; lastKnownFileType = text.plist.xml; path = Info.plist; sourceTree = "<group>"; };
		1E7A173B24AAAFC500519D64 /* LDS-Temple-Visualization-IOSTests.xctest */ = {isa = PBXFileReference; explicitFileType = wrapper.cfbundle; includeInIndex = 0; path = "LDS-Temple-Visualization-IOSTests.xctest"; sourceTree = BUILT_PRODUCTS_DIR; };
		1E7A173F24AAAFC500519D64 /* LDS_Temple_Visualization_IOSTests.swift */ = {isa = PBXFileReference; lastKnownFileType = sourcecode.swift; path = LDS_Temple_Visualization_IOSTests.swift; sourceTree = "<group>"; };
		1E7A174124AAAFC500519D64 /* Info.plist */ = {isa = PBXFileReference; lastKnownFileType = text.plist.xml; path = Info.plist; sourceTree = "<group>"; };
		1E7A174624AAAFC500519D64 /* LDS-Temple-Visualization-IOSUITests.xctest */ = {isa = PBXFileReference; explicitFileType = wrapper.cfbundle; includeInIndex = 0; path = "LDS-Temple-Visualization-IOSUITests.xctest"; sourceTree = BUILT_PRODUCTS_DIR; };
		1E7A174A24AAAFC500519D64 /* LDS_Temple_Visualization_IOSUITests.swift */ = {isa = PBXFileReference; lastKnownFileType = sourcecode.swift; path = LDS_Temple_Visualization_IOSUITests.swift; sourceTree = "<group>"; };
		1E7A174C24AAAFC500519D64 /* Info.plist */ = {isa = PBXFileReference; lastKnownFileType = text.plist.xml; path = Info.plist; sourceTree = "<group>"; };
		1EBF98DB24AAC678005CC70D /* Sprial.swift */ = {isa = PBXFileReference; lastKnownFileType = sourcecode.swift; path = Sprial.swift; sourceTree = "<group>"; };
		1EBF98DD24AAC883005CC70D /* ImageSpiral.swift */ = {isa = PBXFileReference; lastKnownFileType = sourcecode.swift; path = ImageSpiral.swift; sourceTree = "<group>"; };
		1EFE4A6024AD747700FAD239 /* templeNames */ = {isa = PBXFileReference; lastKnownFileType = text; path = templeNames; sourceTree = "<group>"; };
/* End PBXFileReference section */

/* Begin PBXFrameworksBuildPhase section */
		1E7A172224AAAFC300519D64 /* Frameworks */ = {
			isa = PBXFrameworksBuildPhase;
			buildActionMask = 2147483647;
			files = (
			);
			runOnlyForDeploymentPostprocessing = 0;
		};
		1E7A173824AAAFC500519D64 /* Frameworks */ = {
			isa = PBXFrameworksBuildPhase;
			buildActionMask = 2147483647;
			files = (
			);
			runOnlyForDeploymentPostprocessing = 0;
		};
		1E7A174324AAAFC500519D64 /* Frameworks */ = {
			isa = PBXFrameworksBuildPhase;
			buildActionMask = 2147483647;
			files = (
			);
			runOnlyForDeploymentPostprocessing = 0;
		};
/* End PBXFrameworksBuildPhase section */

/* Begin PBXGroup section */
		1E7A171C24AAAFC300519D64 = {
			isa = PBXGroup;
			children = (
				1E7A172724AAAFC300519D64 /* LDS-Temple-Visualization-IOS */,
				1E7A173E24AAAFC500519D64 /* LDS-Temple-Visualization-IOSTests */,
				1E7A174924AAAFC500519D64 /* LDS-Temple-Visualization-IOSUITests */,
				1E7A172624AAAFC300519D64 /* Products */,
			);
			sourceTree = "<group>";
		};
		1E7A172624AAAFC300519D64 /* Products */ = {
			isa = PBXGroup;
			children = (
				1E7A172524AAAFC300519D64 /* LDS-Temple-Visualization-IOS.app */,
				1E7A173B24AAAFC500519D64 /* LDS-Temple-Visualization-IOSTests.xctest */,
				1E7A174624AAAFC500519D64 /* LDS-Temple-Visualization-IOSUITests.xctest */,
			);
			name = Products;
			sourceTree = "<group>";
		};
		1E7A172724AAAFC300519D64 /* LDS-Temple-Visualization-IOS */ = {
			isa = PBXGroup;
			children = (
				1E7A172824AAAFC300519D64 /* AppDelegate.swift */,
				1E7A172A24AAAFC300519D64 /* SceneDelegate.swift */,
				1E7A172C24AAAFC300519D64 /* ContentView.swift */,
				1EBF98DD24AAC883005CC70D /* ImageSpiral.swift */,
				1EBF98DB24AAC678005CC70D /* Sprial.swift */,
				1EFE4A6024AD747700FAD239 /* templeNames */,
				1E7A172E24AAAFC500519D64 /* Assets.xcassets */,
				1E7A173324AAAFC500519D64 /* LaunchScreen.storyboard */,
				1E7A173624AAAFC500519D64 /* Info.plist */,
				1E7A173024AAAFC500519D64 /* Preview Content */,
			);
			path = "LDS-Temple-Visualization-IOS";
			sourceTree = "<group>";
		};
		1E7A173024AAAFC500519D64 /* Preview Content */ = {
			isa = PBXGroup;
			children = (
				1E7A173124AAAFC500519D64 /* Preview Assets.xcassets */,
			);
			path = "Preview Content";
			sourceTree = "<group>";
		};
		1E7A173E24AAAFC500519D64 /* LDS-Temple-Visualization-IOSTests */ = {
			isa = PBXGroup;
			children = (
				1E7A173F24AAAFC500519D64 /* LDS_Temple_Visualization_IOSTests.swift */,
				1E7A174124AAAFC500519D64 /* Info.plist */,
			);
			path = "LDS-Temple-Visualization-IOSTests";
			sourceTree = "<group>";
		};
		1E7A174924AAAFC500519D64 /* LDS-Temple-Visualization-IOSUITests */ = {
			isa = PBXGroup;
			children = (
				1E7A174A24AAAFC500519D64 /* LDS_Temple_Visualization_IOSUITests.swift */,
				1E7A174C24AAAFC500519D64 /* Info.plist */,
			);
			path = "LDS-Temple-Visualization-IOSUITests";
			sourceTree = "<group>";
		};
/* End PBXGroup section */

/* Begin PBXNativeTarget section */
		1E7A172424AAAFC300519D64 /* LDS-Temple-Visualization-IOS */ = {
			isa = PBXNativeTarget;
			buildConfigurationList = 1E7A174F24AAAFC500519D64 /* Build configuration list for PBXNativeTarget "LDS-Temple-Visualization-IOS" */;
			buildPhases = (
				1E7A172124AAAFC300519D64 /* Sources */,
				1E7A172224AAAFC300519D64 /* Frameworks */,
				1E7A172324AAAFC300519D64 /* Resources */,
			);
			buildRules = (
			);
			dependencies = (
			);
			name = "LDS-Temple-Visualization-IOS";
			productName = "LDS-Temple-Visualization-IOS";
			productReference = 1E7A172524AAAFC300519D64 /* LDS-Temple-Visualization-IOS.app */;
			productType = "com.apple.product-type.application";
		};
		1E7A173A24AAAFC500519D64 /* LDS-Temple-Visualization-IOSTests */ = {
			isa = PBXNativeTarget;
			buildConfigurationList = 1E7A175224AAAFC500519D64 /* Build configuration list for PBXNativeTarget "LDS-Temple-Visualization-IOSTests" */;
			buildPhases = (
				1E7A173724AAAFC500519D64 /* Sources */,
				1E7A173824AAAFC500519D64 /* Frameworks */,
				1E7A173924AAAFC500519D64 /* Resources */,
			);
			buildRules = (
			);
			dependencies = (
				1E7A173D24AAAFC500519D64 /* PBXTargetDependency */,
			);
			name = "LDS-Temple-Visualization-IOSTests";
			productName = "LDS-Temple-Visualization-IOSTests";
			productReference = 1E7A173B24AAAFC500519D64 /* LDS-Temple-Visualization-IOSTests.xctest */;
			productType = "com.apple.product-type.bundle.unit-test";
		};
		1E7A174524AAAFC500519D64 /* LDS-Temple-Visualization-IOSUITests */ = {
			isa = PBXNativeTarget;
			buildConfigurationList = 1E7A175524AAAFC500519D64 /* Build configuration list for PBXNativeTarget "LDS-Temple-Visualization-IOSUITests" */;
			buildPhases = (
				1E7A174224AAAFC500519D64 /* Sources */,
				1E7A174324AAAFC500519D64 /* Frameworks */,
				1E7A174424AAAFC500519D64 /* Resources */,
			);
			buildRules = (
			);
			dependencies = (
				1E7A174824AAAFC500519D64 /* PBXTargetDependency */,
			);
			name = "LDS-Temple-Visualization-IOSUITests";
			productName = "LDS-Temple-Visualization-IOSUITests";
			productReference = 1E7A174624AAAFC500519D64 /* LDS-Temple-Visualization-IOSUITests.xctest */;
			productType = "com.apple.product-type.bundle.ui-testing";
		};
/* End PBXNativeTarget section */

/* Begin PBXProject section */
		1E7A171D24AAAFC300519D64 /* Project object */ = {
			isa = PBXProject;
			attributes = {
				LastSwiftUpdateCheck = 1150;
				LastUpgradeCheck = 1150;
				ORGANIZATIONNAME = "Litian Zhang";
				TargetAttributes = {
					1E7A172424AAAFC300519D64 = {
						CreatedOnToolsVersion = 11.5;
					};
					1E7A173A24AAAFC500519D64 = {
						CreatedOnToolsVersion = 11.5;
						TestTargetID = 1E7A172424AAAFC300519D64;
					};
					1E7A174524AAAFC500519D64 = {
						CreatedOnToolsVersion = 11.5;
						TestTargetID = 1E7A172424AAAFC300519D64;
					};
				};
			};
			buildConfigurationList = 1E7A172024AAAFC300519D64 /* Build configuration list for PBXProject "LDS-Temple-Visualization-IOS" */;
			compatibilityVersion = "Xcode 9.3";
			developmentRegion = en;
			hasScannedForEncodings = 0;
			knownRegions = (
				en,
				Base,
			);
			mainGroup = 1E7A171C24AAAFC300519D64;
			productRefGroup = 1E7A172624AAAFC300519D64 /* Products */;
			projectDirPath = "";
			projectRoot = "";
			targets = (
				1E7A172424AAAFC300519D64 /* LDS-Temple-Visualization-IOS */,
				1E7A173A24AAAFC500519D64 /* LDS-Temple-Visualization-IOSTests */,
				1E7A174524AAAFC500519D64 /* LDS-Temple-Visualization-IOSUITests */,
			);
		};
/* End PBXProject section */

/* Begin PBXResourcesBuildPhase section */
		1E7A172324AAAFC300519D64 /* Resources */ = {
			isa = PBXResourcesBuildPhase;
			buildActionMask = 2147483647;
			files = (
				1E7A173524AAAFC500519D64 /* LaunchScreen.storyboard in Resources */,
				1E7A173224AAAFC500519D64 /* Preview Assets.xcassets in Resources */,
				1EFE4A6124AD747700FAD239 /* templeNames in Resources */,
				1E7A172F24AAAFC500519D64 /* Assets.xcassets in Resources */,
			);
			runOnlyForDeploymentPostprocessing = 0;
		};
		1E7A173924AAAFC500519D64 /* Resources */ = {
			isa = PBXResourcesBuildPhase;
			buildActionMask = 2147483647;
			files = (
			);
			runOnlyForDeploymentPostprocessing = 0;
		};
		1E7A174424AAAFC500519D64 /* Resources */ = {
			isa = PBXResourcesBuildPhase;
			buildActionMask = 2147483647;
			files = (
			);
			runOnlyForDeploymentPostprocessing = 0;
		};
/* End PBXResourcesBuildPhase section */

/* Begin PBXSourcesBuildPhase section */
		1E7A172124AAAFC300519D64 /* Sources */ = {
			isa = PBXSourcesBuildPhase;
			buildActionMask = 2147483647;
			files = (
				1E7A172924AAAFC300519D64 /* AppDelegate.swift in Sources */,
				1E7A172B24AAAFC300519D64 /* SceneDelegate.swift in Sources */,
				1EBF98DC24AAC678005CC70D /* Sprial.swift in Sources */,
				1E7A172D24AAAFC300519D64 /* ContentView.swift in Sources */,
				1EBF98DE24AAC883005CC70D /* ImageSpiral.swift in Sources */,
			);
			runOnlyForDeploymentPostprocessing = 0;
		};
		1E7A173724AAAFC500519D64 /* Sources */ = {
			isa = PBXSourcesBuildPhase;
			buildActionMask = 2147483647;
			files = (
				1E7A174024AAAFC500519D64 /* LDS_Temple_Visualization_IOSTests.swift in Sources */,
			);
			runOnlyForDeploymentPostprocessing = 0;
		};
		1E7A174224AAAFC500519D64 /* Sources */ = {
			isa = PBXSourcesBuildPhase;
			buildActionMask = 2147483647;
			files = (
				1E7A174B24AAAFC500519D64 /* LDS_Temple_Visualization_IOSUITests.swift in Sources */,
			);
			runOnlyForDeploymentPostprocessing = 0;
		};
/* End PBXSourcesBuildPhase section */

/* Begin PBXTargetDependency section */
		1E7A173D24AAAFC500519D64 /* PBXTargetDependency */ = {
			isa = PBXTargetDependency;
			target = 1E7A172424AAAFC300519D64 /* LDS-Temple-Visualization-IOS */;
			targetProxy = 1E7A173C24AAAFC500519D64 /* PBXContainerItemProxy */;
		};
		1E7A174824AAAFC500519D64 /* PBXTargetDependency */ = {
			isa = PBXTargetDependency;
			target = 1E7A172424AAAFC300519D64 /* LDS-Temple-Visualization-IOS */;
			targetProxy = 1E7A174724AAAFC500519D64 /* PBXContainerItemProxy */;
		};
/* End PBXTargetDependency section */

/* Begin PBXVariantGroup section */
		1E7A173324AAAFC500519D64 /* LaunchScreen.storyboard */ = {
			isa = PBXVariantGroup;
			children = (
				1E7A173424AAAFC500519D64 /* Base */,
			);
			name = LaunchScreen.storyboard;
			sourceTree = "<group>";
		};
/* End PBXVariantGroup section */

/* Begin XCBuildConfiguration section */
		1E7A174D24AAAFC500519D64 /* Debug */ = {
			isa = XCBuildConfiguration;
			buildSettings = {
				ALWAYS_SEARCH_USER_PATHS = NO;
				CLANG_ANALYZER_NONNULL = YES;
				CLANG_ANALYZER_NUMBER_OBJECT_CONVERSION = YES_AGGRESSIVE;
				CLANG_CXX_LANGUAGE_STANDARD = "gnu++14";
				CLANG_CXX_LIBRARY = "libc++";
				CLANG_ENABLE_MODULES = YES;
				CLANG_ENABLE_OBJC_ARC = YES;
				CLANG_ENABLE_OBJC_WEAK = YES;
				CLANG_WARN_BLOCK_CAPTURE_AUTORELEASING = YES;
				CLANG_WARN_BOOL_CONVERSION = YES;
				CLANG_WARN_COMMA = YES;
				CLANG_WARN_CONSTANT_CONVERSION = YES;
				CLANG_WARN_DEPRECATED_OBJC_IMPLEMENTATIONS = YES;
				CLANG_WARN_DIRECT_OBJC_ISA_USAGE = YES_ERROR;
				CLANG_WARN_DOCUMENTATION_COMMENTS = YES;
				CLANG_WARN_EMPTY_BODY = YES;
				CLANG_WARN_ENUM_CONVERSION = YES;
				CLANG_WARN_INFINITE_RECURSION = YES;
				CLANG_WARN_INT_CONVERSION = YES;
				CLANG_WARN_NON_LITERAL_NULL_CONVERSION = YES;
				CLANG_WARN_OBJC_IMPLICIT_RETAIN_SELF = YES;
				CLANG_WARN_OBJC_LITERAL_CONVERSION = YES;
				CLANG_WARN_OBJC_ROOT_CLASS = YES_ERROR;
				CLANG_WARN_RANGE_LOOP_ANALYSIS = YES;
				CLANG_WARN_STRICT_PROTOTYPES = YES;
				CLANG_WARN_SUSPICIOUS_MOVE = YES;
				CLANG_WARN_UNGUARDED_AVAILABILITY = YES_AGGRESSIVE;
				CLANG_WARN_UNREACHABLE_CODE = YES;
				CLANG_WARN__DUPLICATE_METHOD_MATCH = YES;
				COPY_PHASE_STRIP = NO;
				DEBUG_INFORMATION_FORMAT = dwarf;
				ENABLE_STRICT_OBJC_MSGSEND = YES;
				ENABLE_TESTABILITY = YES;
				GCC_C_LANGUAGE_STANDARD = gnu11;
				GCC_DYNAMIC_NO_PIC = NO;
				GCC_NO_COMMON_BLOCKS = YES;
				GCC_OPTIMIZATION_LEVEL = 0;
				GCC_PREPROCESSOR_DEFINITIONS = (
					"DEBUG=1",
					"$(inherited)",
				);
				GCC_WARN_64_TO_32_BIT_CONVERSION = YES;
				GCC_WARN_ABOUT_RETURN_TYPE = YES_ERROR;
				GCC_WARN_UNDECLARED_SELECTOR = YES;
				GCC_WARN_UNINITIALIZED_AUTOS = YES_AGGRESSIVE;
				GCC_WARN_UNUSED_FUNCTION = YES;
				GCC_WARN_UNUSED_VARIABLE = YES;
				IPHONEOS_DEPLOYMENT_TARGET = 13.5;
				MTL_ENABLE_DEBUG_INFO = INCLUDE_SOURCE;
				MTL_FAST_MATH = YES;
				ONLY_ACTIVE_ARCH = YES;
				SDKROOT = iphoneos;
				SWIFT_ACTIVE_COMPILATION_CONDITIONS = DEBUG;
				SWIFT_OPTIMIZATION_LEVEL = "-Onone";
			};
			name = Debug;
		};
		1E7A174E24AAAFC500519D64 /* Release */ = {
			isa = XCBuildConfiguration;
			buildSettings = {
				ALWAYS_SEARCH_USER_PATHS = NO;
				CLANG_ANALYZER_NONNULL = YES;
				CLANG_ANALYZER_NUMBER_OBJECT_CONVERSION = YES_AGGRESSIVE;
				CLANG_CXX_LANGUAGE_STANDARD = "gnu++14";
				CLANG_CXX_LIBRARY = "libc++";
				CLANG_ENABLE_MODULES = YES;
				CLANG_ENABLE_OBJC_ARC = YES;
				CLANG_ENABLE_OBJC_WEAK = YES;
				CLANG_WARN_BLOCK_CAPTURE_AUTORELEASING = YES;
				CLANG_WARN_BOOL_CONVERSION = YES;
				CLANG_WARN_COMMA = YES;
				CLANG_WARN_CONSTANT_CONVERSION = YES;
				CLANG_WARN_DEPRECATED_OBJC_IMPLEMENTATIONS = YES;
				CLANG_WARN_DIRECT_OBJC_ISA_USAGE = YES_ERROR;
				CLANG_WARN_DOCUMENTATION_COMMENTS = YES;
				CLANG_WARN_EMPTY_BODY = YES;
				CLANG_WARN_ENUM_CONVERSION = YES;
				CLANG_WARN_INFINITE_RECURSION = YES;
				CLANG_WARN_INT_CONVERSION = YES;
				CLANG_WARN_NON_LITERAL_NULL_CONVERSION = YES;
				CLANG_WARN_OBJC_IMPLICIT_RETAIN_SELF = YES;
				CLANG_WARN_OBJC_LITERAL_CONVERSION = YES;
				CLANG_WARN_OBJC_ROOT_CLASS = YES_ERROR;
				CLANG_WARN_RANGE_LOOP_ANALYSIS = YES;
				CLANG_WARN_STRICT_PROTOTYPES = YES;
				CLANG_WARN_SUSPICIOUS_MOVE = YES;
				CLANG_WARN_UNGUARDED_AVAILABILITY = YES_AGGRESSIVE;
				CLANG_WARN_UNREACHABLE_CODE = YES;
				CLANG_WARN__DUPLICATE_METHOD_MATCH = YES;
				COPY_PHASE_STRIP = NO;
				DEBUG_INFORMATION_FORMAT = "dwarf-with-dsym";
				ENABLE_NS_ASSERTIONS = NO;
				ENABLE_STRICT_OBJC_MSGSEND = YES;
				GCC_C_LANGUAGE_STANDARD = gnu11;
				GCC_NO_COMMON_BLOCKS = YES;
				GCC_WARN_64_TO_32_BIT_CONVERSION = YES;
				GCC_WARN_ABOUT_RETURN_TYPE = YES_ERROR;
				GCC_WARN_UNDECLARED_SELECTOR = YES;
				GCC_WARN_UNINITIALIZED_AUTOS = YES_AGGRESSIVE;
				GCC_WARN_UNUSED_FUNCTION = YES;
				GCC_WARN_UNUSED_VARIABLE = YES;
				IPHONEOS_DEPLOYMENT_TARGET = 13.5;
				MTL_ENABLE_DEBUG_INFO = NO;
				MTL_FAST_MATH = YES;
				SDKROOT = iphoneos;
				SWIFT_COMPILATION_MODE = wholemodule;
				SWIFT_OPTIMIZATION_LEVEL = "-O";
				VALIDATE_PRODUCT = YES;
			};
			name = Release;
		};
		1E7A175024AAAFC500519D64 /* Debug */ = {
			isa = XCBuildConfiguration;
			buildSettings = {
				ASSETCATALOG_COMPILER_APPICON_NAME = AppIcon;
				CODE_SIGN_STYLE = Automatic;
				DEVELOPMENT_ASSET_PATHS = "\"LDS-Temple-Visualization-IOS/Preview Content\"";
				ENABLE_PREVIEWS = YES;
				INFOPLIST_FILE = "LDS-Temple-Visualization-IOS/Info.plist";
				LD_RUNPATH_SEARCH_PATHS = (
					"$(inherited)",
					"@executable_path/Frameworks",
				);
				PRODUCT_BUNDLE_IDENTIFIER = "templevisios.cis.byuh.edu.LDS-Temple-Visualization-IOS";
				PRODUCT_NAME = "$(TARGET_NAME)";
				SWIFT_VERSION = 5.0;
				TARGETED_DEVICE_FAMILY = "1,2";
			};
			name = Debug;
		};
		1E7A175124AAAFC500519D64 /* Release */ = {
			isa = XCBuildConfiguration;
			buildSettings = {
				ASSETCATALOG_COMPILER_APPICON_NAME = AppIcon;
				CODE_SIGN_STYLE = Automatic;
				DEVELOPMENT_ASSET_PATHS = "\"LDS-Temple-Visualization-IOS/Preview Content\"";
				ENABLE_PREVIEWS = YES;
				INFOPLIST_FILE = "LDS-Temple-Visualization-IOS/Info.plist";
				LD_RUNPATH_SEARCH_PATHS = (
					"$(inherited)",
					"@executable_path/Frameworks",
				);
				PRODUCT_BUNDLE_IDENTIFIER = "templevisios.cis.byuh.edu.LDS-Temple-Visualization-IOS";
				PRODUCT_NAME = "$(TARGET_NAME)";
				SWIFT_VERSION = 5.0;
				TARGETED_DEVICE_FAMILY = "1,2";
			};
			name = Release;
		};
		1E7A175324AAAFC500519D64 /* Debug */ = {
			isa = XCBuildConfiguration;
			buildSettings = {
				ALWAYS_EMBED_SWIFT_STANDARD_LIBRARIES = YES;
				BUNDLE_LOADER = "$(TEST_HOST)";
				CODE_SIGN_STYLE = Automatic;
				INFOPLIST_FILE = "LDS-Temple-Visualization-IOSTests/Info.plist";
				IPHONEOS_DEPLOYMENT_TARGET = 13.5;
				LD_RUNPATH_SEARCH_PATHS = (
					"$(inherited)",
					"@executable_path/Frameworks",
					"@loader_path/Frameworks",
				);
				PRODUCT_BUNDLE_IDENTIFIER = "templevisios.cis.byuh.edu.LDS-Temple-Visualization-IOSTests";
				PRODUCT_NAME = "$(TARGET_NAME)";
				SWIFT_VERSION = 5.0;
				TARGETED_DEVICE_FAMILY = "1,2";
				TEST_HOST = "$(BUILT_PRODUCTS_DIR)/LDS-Temple-Visualization-IOS.app/LDS-Temple-Visualization-IOS";
			};
			name = Debug;
		};
		1E7A175424AAAFC500519D64 /* Release */ = {
			isa = XCBuildConfiguration;
			buildSettings = {
				ALWAYS_EMBED_SWIFT_STANDARD_LIBRARIES = YES;
				BUNDLE_LOADER = "$(TEST_HOST)";
				CODE_SIGN_STYLE = Automatic;
				INFOPLIST_FILE = "LDS-Temple-Visualization-IOSTests/Info.plist";
				IPHONEOS_DEPLOYMENT_TARGET = 13.5;
				LD_RUNPATH_SEARCH_PATHS = (
					"$(inherited)",
					"@executable_path/Frameworks",
					"@loader_path/Frameworks",
				);
				PRODUCT_BUNDLE_IDENTIFIER = "templevisios.cis.byuh.edu.LDS-Temple-Visualization-IOSTests";
				PRODUCT_NAME = "$(TARGET_NAME)";
				SWIFT_VERSION = 5.0;
				TARGETED_DEVICE_FAMILY = "1,2";
				TEST_HOST = "$(BUILT_PRODUCTS_DIR)/LDS-Temple-Visualization-IOS.app/LDS-Temple-Visualization-IOS";
			};
			name = Release;
		};
		1E7A175624AAAFC500519D64 /* Debug */ = {
			isa = XCBuildConfiguration;
			buildSettings = {
				ALWAYS_EMBED_SWIFT_STANDARD_LIBRARIES = YES;
				CODE_SIGN_STYLE = Automatic;
				INFOPLIST_FILE = "LDS-Temple-Visualization-IOSUITests/Info.plist";
				LD_RUNPATH_SEARCH_PATHS = (
					"$(inherited)",
					"@executable_path/Frameworks",
					"@loader_path/Frameworks",
				);
				PRODUCT_BUNDLE_IDENTIFIER = "templevisios.cis.byuh.edu.LDS-Temple-Visualization-IOSUITests";
				PRODUCT_NAME = "$(TARGET_NAME)";
				SWIFT_VERSION = 5.0;
				TARGETED_DEVICE_FAMILY = "1,2";
				TEST_TARGET_NAME = "LDS-Temple-Visualization-IOS";
			};
			name = Debug;
		};
		1E7A175724AAAFC500519D64 /* Release */ = {
			isa = XCBuildConfiguration;
			buildSettings = {
				ALWAYS_EMBED_SWIFT_STANDARD_LIBRARIES = YES;
				CODE_SIGN_STYLE = Automatic;
				INFOPLIST_FILE = "LDS-Temple-Visualization-IOSUITests/Info.plist";
				LD_RUNPATH_SEARCH_PATHS = (
					"$(inherited)",
					"@executable_path/Frameworks",
					"@loader_path/Frameworks",
				);
				PRODUCT_BUNDLE_IDENTIFIER = "templevisios.cis.byuh.edu.LDS-Temple-Visualization-IOSUITests";
				PRODUCT_NAME = "$(TARGET_NAME)";
				SWIFT_VERSION = 5.0;
				TARGETED_DEVICE_FAMILY = "1,2";
				TEST_TARGET_NAME = "LDS-Temple-Visualization-IOS";
			};
			name = Release;
		};
/* End XCBuildConfiguration section */

/* Begin XCConfigurationList section */
		1E7A172024AAAFC300519D64 /* Build configuration list for PBXProject "LDS-Temple-Visualization-IOS" */ = {
			isa = XCConfigurationList;
			buildConfigurations = (
				1E7A174D24AAAFC500519D64 /* Debug */,
				1E7A174E24AAAFC500519D64 /* Release */,
			);
			defaultConfigurationIsVisible = 0;
			defaultConfigurationName = Release;
		};
		1E7A174F24AAAFC500519D64 /* Build configuration list for PBXNativeTarget "LDS-Temple-Visualization-IOS" */ = {
			isa = XCConfigurationList;
			buildConfigurations = (
				1E7A175024AAAFC500519D64 /* Debug */,
				1E7A175124AAAFC500519D64 /* Release */,
			);
			defaultConfigurationIsVisible = 0;
			defaultConfigurationName = Release;
		};
		1E7A175224AAAFC500519D64 /* Build configuration list for PBXNativeTarget "LDS-Temple-Visualization-IOSTests" */ = {
			isa = XCConfigurationList;
			buildConfigurations = (
				1E7A175324AAAFC500519D64 /* Debug */,
				1E7A175424AAAFC500519D64 /* Release */,
			);
			defaultConfigurationIsVisible = 0;
			defaultConfigurationName = Release;
		};
		1E7A175524AAAFC500519D64 /* Build configuration list for PBXNativeTarget "LDS-Temple-Visualization-IOSUITests" */ = {
			isa = XCConfigurationList;
			buildConfigurations = (
				1E7A175624AAAFC500519D64 /* Debug */,
				1E7A175724AAAFC500519D64 /* Release */,
			);
			defaultConfigurationIsVisible = 0;
			defaultConfigurationName = Release;
		};
/* End XCConfigurationList section */
	};
	rootObject = 1E7A171D24AAAFC300519D64 /* Project object */;
}
